
Microsoft Visual Studio Solution File, Format Version 12.00
# Visual Studio Version 16
VisualStudioVersion = 16.0.30611.23
MinimumVisualStudioVersion = 10.0.40219.1
Project("{FAE04EC0-301F-11D3-BF4B-00C04F79EFBC}") = "GeoLocalizacao", "GeoLocalizacao\GeoLocalizacao.csproj", "{CE727E6E-570D-4662-B821-27072091EBA2}"
EndProject
Project("{2150E333-8FDC-42A3-9474-1A3956D46DE8}") = "Solution Items", "Solution Items", "{172B6392-38FC-47CC-8C64-28879B514C79}"
	ProjectSection(SolutionItems) = preProject
		.editorconfig = .editorconfig
	EndProjectSection
EndProject
Global
	GlobalSection(SolutionConfigurationPlatforms) = preSolution
		Debug|Any CPU = Debug|Any CPU
		Release|Any CPU = Release|Any CPU
	EndGlobalSection
	GlobalSection(ProjectConfigurationPlatforms) = postSolution
		{CE727E6E-570D-4662-B821-27072091EBA2}.Debug|Any CPU.ActiveCfg = Debug|Any CPU
		{CE727E6E-570D-4662-B821-27072091EBA2}.Debug|Any CPU.Build.0 = Debug|Any CPU
		{CE727E6E-570D-4662-B821-27072091EBA2}.Release|Any CPU.ActiveCfg = Release|Any CPU
		{CE727E6E-570D-4662-B821-27072091EBA2}.Release|Any CPU.Build.0 = Release|Any CPU
	EndGlobalSection
	GlobalSection(SolutionProperties) = preSolution
		HideSolutionNode = FALSE
	EndGlobalSection
	GlobalSection(ExtensibilityGlobals) = postSolution
		SolutionGuid = {BB7AEACB-ABE9-4198-9393-F2D374C718DF}
	EndGlobalSection
EndGlobal
